
Microsoft Visual Studio Solution File, Format Version 12.00
# Visual Studio Version 17
VisualStudioVersion = 17.9.34616.47
MinimumVisualStudioVersion = 10.0.40219.1
Project("{FAE04EC0-301F-11D3-BF4B-00C04F79EFBC}") = "Library", "Library.csproj", "{0D63BE48-AE8A-4C47-808C-D4A975680D53}"
EndProject
Global
	GlobalSection(SolutionConfigurationPlatforms) = preSolution
		Debug|Any CPU = Debug|Any CPU
		Release|Any CPU = Release|Any CPU
	EndGlobalSection
	GlobalSection(ProjectConfigurationPlatforms) = postSolution
		{0D63BE48-AE8A-4C47-808C-D4A975680D53}.Debug|Any CPU.ActiveCfg = Debug|Any CPU
		{0D63BE48-AE8A-4C47-808C-D4A975680D53}.Debug|Any CPU.Build.0 = Debug|Any CPU
		{0D63BE48-AE8A-4C47-808C-D4A975680D53}.Release|Any CPU.ActiveCfg = Release|Any CPU
		{0D63BE48-AE8A-4C47-808C-D4A975680D53}.Release|Any CPU.Build.0 = Release|Any CPU
	EndGlobalSection
	GlobalSection(SolutionProperties) = preSolution
		HideSolutionNode = FALSE
	EndGlobalSection
	GlobalSection(ExtensibilityGlobals) = postSolution
		SolutionGuid = {0C7D6ABA-9CB6-45DF-83C2-DB50AF2F5756}
	EndGlobalSection
EndGlobal
